// !$*UTF8*$!
{
	archiveVersion = 1;
	classes = {
	};
	objectVersion = 56;
	objects = {

/* Begin PBXBuildFile section */
		8D09CAF629C1185F00FB989F /* AppNavBarView.swift in Sources */ = {isa = PBXBuildFile; fileRef = 8D09CAF529C1185F00FB989F /* AppNavBarView.swift */; };
		8D09CAF829C119B600FB989F /* CustomNavBarView.swift in Sources */ = {isa = PBXBuildFile; fileRef = 8D09CAF729C119B600FB989F /* CustomNavBarView.swift */; };
		8D09CAFB29C11BB700FB989F /* CustomNavBarContainerView.swift in Sources */ = {isa = PBXBuildFile; fileRef = 8D09CAFA29C11BB700FB989F /* CustomNavBarContainerView.swift */; };
		8D09CAFD29C11DCD00FB989F /* CustomNavView.swift in Sources */ = {isa = PBXBuildFile; fileRef = 8D09CAFC29C11DCD00FB989F /* CustomNavView.swift */; };
		8D09CAFF29C1203300FB989F /* CustomNavLink.swift in Sources */ = {isa = PBXBuildFile; fileRef = 8D09CAFE29C1203300FB989F /* CustomNavLink.swift */; };
		8D09CB0129C1239E00FB989F /* CustomNavBarPreferenceKeys.swift in Sources */ = {isa = PBXBuildFile; fileRef = 8D09CB0029C1239E00FB989F /* CustomNavBarPreferenceKeys.swift */; };
		8D09CB3029C2555800FB989F /* UIViewRepesentableBootcamp.swift in Sources */ = {isa = PBXBuildFile; fileRef = 8D09CB2F29C2555800FB989F /* UIViewRepesentableBootcamp.swift */; };
		8D09CB3429C2677900FB989F /* UIViewCOntrollerRepresentableBootcamp.swift in Sources */ = {isa = PBXBuildFile; fileRef = 8D09CB3329C2677900FB989F /* UIViewCOntrollerRepresentableBootcamp.swift */; };
		8D137AC029BCBAC300FCE53E /* TabBarItemsPreferenceKey.swift in Sources */ = {isa = PBXBuildFile; fileRef = 8D137ABF29BCBAC300FCE53E /* TabBarItemsPreferenceKey.swift */; };
		8D137AC229BCBD0800FCE53E /* TabBarItem.swift in Sources */ = {isa = PBXBuildFile; fileRef = 8D137AC129BCBD0800FCE53E /* TabBarItem.swift */; };
		8D8158ED29C39E21008B4D20 /* UnitTestingBootcampView.swift in Sources */ = {isa = PBXBuildFile; fileRef = 8D8158EC29C39E21008B4D20 /* UnitTestingBootcampView.swift */; };
		8D8158EF29C3A187008B4D20 /* UniteTestingBootcampViewModel.swift in Sources */ = {isa = PBXBuildFile; fileRef = 8D8158EE29C3A187008B4D20 /* UniteTestingBootcampViewModel.swift */; };
		8D8158F729C3A288008B4D20 /* SwiftfulThinkingAdvanced_Tests.swift in Sources */ = {isa = PBXBuildFile; fileRef = 8D8158F629C3A288008B4D20 /* SwiftfulThinkingAdvanced_Tests.swift */; };
		8D8158FE29C3A33E008B4D20 /* UniteTestingBootcampViewModel_Tests.swift in Sources */ = {isa = PBXBuildFile; fileRef = 8D8158FD29C3A33E008B4D20 /* UniteTestingBootcampViewModel_Tests.swift */; };
		8D81590029C3D2B6008B4D20 /* NewMockDataService.swift in Sources */ = {isa = PBXBuildFile; fileRef = 8D8158FF29C3D2B6008B4D20 /* NewMockDataService.swift */; };
		8D81590229C3D2EA008B4D20 /* NewMockDataService_Tests.swift in Sources */ = {isa = PBXBuildFile; fileRef = 8D81590129C3D2EA008B4D20 /* NewMockDataService_Tests.swift */; };
		8DC0804C29B75DF000AC947C /* CustomCurvesBootcamp.swift in Sources */ = {isa = PBXBuildFile; fileRef = 8DC0804B29B75DF000AC947C /* CustomCurvesBootcamp.swift */; };
		8DC0804E29B7B93300AC947C /* AnimateableDataBootcamp.swift in Sources */ = {isa = PBXBuildFile; fileRef = 8DC0804D29B7B93300AC947C /* AnimateableDataBootcamp.swift */; };
		8DC0805029B7CB4300AC947C /* GenericsBootcamp.swift in Sources */ = {isa = PBXBuildFile; fileRef = 8DC0804F29B7CB4300AC947C /* GenericsBootcamp.swift */; };
		8DC0805229B8A23D00AC947C /* ViewBuilderBootcamp.swift in Sources */ = {isa = PBXBuildFile; fileRef = 8DC0805129B8A23D00AC947C /* ViewBuilderBootcamp.swift */; };
		8DC0805429B9F8CD00AC947C /* PreferenceKeyBootcamp.swift in Sources */ = {isa = PBXBuildFile; fileRef = 8DC0805329B9F8CD00AC947C /* PreferenceKeyBootcamp.swift */; };
		8DC0805729B9FF3100AC947C /* GeometryPreferenceKeyBootcamp.swift in Sources */ = {isa = PBXBuildFile; fileRef = 8DC0805629B9FF3100AC947C /* GeometryPreferenceKeyBootcamp.swift */; };
		8DC0805929BA016B00AC947C /* ScrollViewOffsetPreferenceKeyBootcamp.swift in Sources */ = {isa = PBXBuildFile; fileRef = 8DC0805829BA016B00AC947C /* ScrollViewOffsetPreferenceKeyBootcamp.swift */; };
		8DC0807629BB61F500AC947C /* AppTabBarView.swift in Sources */ = {isa = PBXBuildFile; fileRef = 8DC0807529BB61F500AC947C /* AppTabBarView.swift */; };
		8DC0807829BB631A00AC947C /* CustomTabBarView.swift in Sources */ = {isa = PBXBuildFile; fileRef = 8DC0807729BB631A00AC947C /* CustomTabBarView.swift */; };
		8DC0807A29BB679A00AC947C /* CustomTabBarContainerView.swift in Sources */ = {isa = PBXBuildFile; fileRef = 8DC0807929BB679A00AC947C /* CustomTabBarContainerView.swift */; };
		8DC0807C29BB6ECA00AC947C /* ViewModifierBootcamp.swift in Sources */ = {isa = PBXBuildFile; fileRef = 8DC0807B29BB6ECA00AC947C /* ViewModifierBootcamp.swift */; };
		8DC0807E29BB703200AC947C /* ButtonStyleBootcamp.swift in Sources */ = {isa = PBXBuildFile; fileRef = 8DC0807D29BB703200AC947C /* ButtonStyleBootcamp.swift */; };
		8DC0808029BB712000AC947C /* AnyTransitionBootcamp.swift in Sources */ = {isa = PBXBuildFile; fileRef = 8DC0807F29BB712000AC947C /* AnyTransitionBootcamp.swift */; };
		8DC78C3029C2A0F200A64FC8 /* ProtocolBootcamp.swift in Sources */ = {isa = PBXBuildFile; fileRef = 8DC78C2F29C2A0F200A64FC8 /* ProtocolBootcamp.swift */; };
		8DC78C3229C3324400A64FC8 /* DependecyInjectionBootcamp.swift in Sources */ = {isa = PBXBuildFile; fileRef = 8DC78C3129C3324400A64FC8 /* DependecyInjectionBootcamp.swift */; };
		8DCD1DF429B0015F00962ED5 /* SwiftfulThinkingAdvancedApp.swift in Sources */ = {isa = PBXBuildFile; fileRef = 8DCD1DF329B0015F00962ED5 /* SwiftfulThinkingAdvancedApp.swift */; };
		8DCD1DF629B0015F00962ED5 /* ContentView.swift in Sources */ = {isa = PBXBuildFile; fileRef = 8DCD1DF529B0015F00962ED5 /* ContentView.swift */; };
		8DCD1DF829B0016100962ED5 /* Assets.xcassets in Resources */ = {isa = PBXBuildFile; fileRef = 8DCD1DF729B0016100962ED5 /* Assets.xcassets */; };
		8DCD1DFB29B0016100962ED5 /* Preview Assets.xcassets in Resources */ = {isa = PBXBuildFile; fileRef = 8DCD1DFA29B0016100962ED5 /* Preview Assets.xcassets */; };
		8DCD1E0229B0018200962ED5 /* MatchedGeometryEffectBootcamp.swift in Sources */ = {isa = PBXBuildFile; fileRef = 8DCD1E0129B0018200962ED5 /* MatchedGeometryEffectBootcamp.swift */; };
		8DCD1E0429B0099800962ED5 /* CustomShapesBootcamp.swift in Sources */ = {isa = PBXBuildFile; fileRef = 8DCD1E0329B0099800962ED5 /* CustomShapesBootcamp.swift */; };
/* End PBXBuildFile section */

/* Begin PBXContainerItemProxy section */
		8D8158F829C3A288008B4D20 /* PBXContainerItemProxy */ = {
			isa = PBXContainerItemProxy;
			containerPortal = 8DCD1DE829B0015F00962ED5 /* Project object */;
			proxyType = 1;
			remoteGlobalIDString = 8DCD1DEF29B0015F00962ED5;
			remoteInfo = SwiftfulThinkingAdvanced;
		};
/* End PBXContainerItemProxy section */

/* Begin PBXFileReference section */
		8D09CAF529C1185F00FB989F /* AppNavBarView.swift */ = {isa = PBXFileReference; lastKnownFileType = sourcecode.swift; path = AppNavBarView.swift; sourceTree = "<group>"; };
		8D09CAF729C119B600FB989F /* CustomNavBarView.swift */ = {isa = PBXFileReference; lastKnownFileType = sourcecode.swift; path = CustomNavBarView.swift; sourceTree = "<group>"; };
		8D09CAFA29C11BB700FB989F /* CustomNavBarContainerView.swift */ = {isa = PBXFileReference; lastKnownFileType = sourcecode.swift; path = CustomNavBarContainerView.swift; sourceTree = "<group>"; };
		8D09CAFC29C11DCD00FB989F /* CustomNavView.swift */ = {isa = PBXFileReference; lastKnownFileType = sourcecode.swift; path = CustomNavView.swift; sourceTree = "<group>"; };
		8D09CAFE29C1203300FB989F /* CustomNavLink.swift */ = {isa = PBXFileReference; lastKnownFileType = sourcecode.swift; path = CustomNavLink.swift; sourceTree = "<group>"; };
		8D09CB0029C1239E00FB989F /* CustomNavBarPreferenceKeys.swift */ = {isa = PBXFileReference; lastKnownFileType = sourcecode.swift; path = CustomNavBarPreferenceKeys.swift; sourceTree = "<group>"; };
		8D09CB2F29C2555800FB989F /* UIViewRepesentableBootcamp.swift */ = {isa = PBXFileReference; lastKnownFileType = sourcecode.swift; path = UIViewRepesentableBootcamp.swift; sourceTree = "<group>"; };
		8D09CB3329C2677900FB989F /* UIViewCOntrollerRepresentableBootcamp.swift */ = {isa = PBXFileReference; lastKnownFileType = sourcecode.swift; path = UIViewCOntrollerRepresentableBootcamp.swift; sourceTree = "<group>"; };
		8D137ABF29BCBAC300FCE53E /* TabBarItemsPreferenceKey.swift */ = {isa = PBXFileReference; lastKnownFileType = sourcecode.swift; path = TabBarItemsPreferenceKey.swift; sourceTree = "<group>"; };
		8D137AC129BCBD0800FCE53E /* TabBarItem.swift */ = {isa = PBXFileReference; lastKnownFileType = sourcecode.swift; path = TabBarItem.swift; sourceTree = "<group>"; };
		8D8158EC29C39E21008B4D20 /* UnitTestingBootcampView.swift */ = {isa = PBXFileReference; lastKnownFileType = sourcecode.swift; path = UnitTestingBootcampView.swift; sourceTree = "<group>"; };
		8D8158EE29C3A187008B4D20 /* UniteTestingBootcampViewModel.swift */ = {isa = PBXFileReference; lastKnownFileType = sourcecode.swift; path = UniteTestingBootcampViewModel.swift; sourceTree = "<group>"; };
		8D8158F429C3A287008B4D20 /* SwiftfulThinkingAdvanced_Tests.xctest */ = {isa = PBXFileReference; explicitFileType = wrapper.cfbundle; includeInIndex = 0; path = SwiftfulThinkingAdvanced_Tests.xctest; sourceTree = BUILT_PRODUCTS_DIR; };
		8D8158F629C3A288008B4D20 /* SwiftfulThinkingAdvanced_Tests.swift */ = {isa = PBXFileReference; lastKnownFileType = sourcecode.swift; path = SwiftfulThinkingAdvanced_Tests.swift; sourceTree = "<group>"; };
		8D8158FD29C3A33E008B4D20 /* UniteTestingBootcampViewModel_Tests.swift */ = {isa = PBXFileReference; lastKnownFileType = sourcecode.swift; path = UniteTestingBootcampViewModel_Tests.swift; sourceTree = "<group>"; };
		8D8158FF29C3D2B6008B4D20 /* NewMockDataService.swift */ = {isa = PBXFileReference; lastKnownFileType = sourcecode.swift; path = NewMockDataService.swift; sourceTree = "<group>"; };
		8D81590129C3D2EA008B4D20 /* NewMockDataService_Tests.swift */ = {isa = PBXFileReference; lastKnownFileType = sourcecode.swift; path = NewMockDataService_Tests.swift; sourceTree = "<group>"; };
		8DC0804B29B75DF000AC947C /* CustomCurvesBootcamp.swift */ = {isa = PBXFileReference; lastKnownFileType = sourcecode.swift; path = CustomCurvesBootcamp.swift; sourceTree = "<group>"; };
		8DC0804D29B7B93300AC947C /* AnimateableDataBootcamp.swift */ = {isa = PBXFileReference; lastKnownFileType = sourcecode.swift; path = AnimateableDataBootcamp.swift; sourceTree = "<group>"; };
		8DC0804F29B7CB4300AC947C /* GenericsBootcamp.swift */ = {isa = PBXFileReference; lastKnownFileType = sourcecode.swift; path = GenericsBootcamp.swift; sourceTree = "<group>"; };
		8DC0805129B8A23D00AC947C /* ViewBuilderBootcamp.swift */ = {isa = PBXFileReference; lastKnownFileType = sourcecode.swift; path = ViewBuilderBootcamp.swift; sourceTree = "<group>"; };
		8DC0805329B9F8CD00AC947C /* PreferenceKeyBootcamp.swift */ = {isa = PBXFileReference; lastKnownFileType = sourcecode.swift; path = PreferenceKeyBootcamp.swift; sourceTree = "<group>"; };
		8DC0805629B9FF3100AC947C /* GeometryPreferenceKeyBootcamp.swift */ = {isa = PBXFileReference; lastKnownFileType = sourcecode.swift; path = GeometryPreferenceKeyBootcamp.swift; sourceTree = "<group>"; };
		8DC0805829BA016B00AC947C /* ScrollViewOffsetPreferenceKeyBootcamp.swift */ = {isa = PBXFileReference; lastKnownFileType = sourcecode.swift; path = ScrollViewOffsetPreferenceKeyBootcamp.swift; sourceTree = "<group>"; };
		8DC0807529BB61F500AC947C /* AppTabBarView.swift */ = {isa = PBXFileReference; lastKnownFileType = sourcecode.swift; path = AppTabBarView.swift; sourceTree = "<group>"; };
		8DC0807729BB631A00AC947C /* CustomTabBarView.swift */ = {isa = PBXFileReference; lastKnownFileType = sourcecode.swift; path = CustomTabBarView.swift; sourceTree = "<group>"; };
		8DC0807929BB679A00AC947C /* CustomTabBarContainerView.swift */ = {isa = PBXFileReference; lastKnownFileType = sourcecode.swift; path = CustomTabBarContainerView.swift; sourceTree = "<group>"; };
		8DC0807B29BB6ECA00AC947C /* ViewModifierBootcamp.swift */ = {isa = PBXFileReference; lastKnownFileType = sourcecode.swift; path = ViewModifierBootcamp.swift; sourceTree = "<group>"; };
		8DC0807D29BB703200AC947C /* ButtonStyleBootcamp.swift */ = {isa = PBXFileReference; lastKnownFileType = sourcecode.swift; path = ButtonStyleBootcamp.swift; sourceTree = "<group>"; };
		8DC0807F29BB712000AC947C /* AnyTransitionBootcamp.swift */ = {isa = PBXFileReference; lastKnownFileType = sourcecode.swift; path = AnyTransitionBootcamp.swift; sourceTree = "<group>"; };
		8DC78C2F29C2A0F200A64FC8 /* ProtocolBootcamp.swift */ = {isa = PBXFileReference; lastKnownFileType = sourcecode.swift; path = ProtocolBootcamp.swift; sourceTree = "<group>"; };
		8DC78C3129C3324400A64FC8 /* DependecyInjectionBootcamp.swift */ = {isa = PBXFileReference; lastKnownFileType = sourcecode.swift; path = DependecyInjectionBootcamp.swift; sourceTree = "<group>"; };
		8DCD1DF029B0015F00962ED5 /* SwiftfulThinkingAdvanced.app */ = {isa = PBXFileReference; explicitFileType = wrapper.application; includeInIndex = 0; path = SwiftfulThinkingAdvanced.app; sourceTree = BUILT_PRODUCTS_DIR; };
		8DCD1DF329B0015F00962ED5 /* SwiftfulThinkingAdvancedApp.swift */ = {isa = PBXFileReference; lastKnownFileType = sourcecode.swift; path = SwiftfulThinkingAdvancedApp.swift; sourceTree = "<group>"; };
		8DCD1DF529B0015F00962ED5 /* ContentView.swift */ = {isa = PBXFileReference; lastKnownFileType = sourcecode.swift; path = ContentView.swift; sourceTree = "<group>"; };
		8DCD1DF729B0016100962ED5 /* Assets.xcassets */ = {isa = PBXFileReference; lastKnownFileType = folder.assetcatalog; path = Assets.xcassets; sourceTree = "<group>"; };
		8DCD1DFA29B0016100962ED5 /* Preview Assets.xcassets */ = {isa = PBXFileReference; lastKnownFileType = folder.assetcatalog; path = "Preview Assets.xcassets"; sourceTree = "<group>"; };
		8DCD1E0129B0018200962ED5 /* MatchedGeometryEffectBootcamp.swift */ = {isa = PBXFileReference; lastKnownFileType = sourcecode.swift; path = MatchedGeometryEffectBootcamp.swift; sourceTree = "<group>"; };
		8DCD1E0329B0099800962ED5 /* CustomShapesBootcamp.swift */ = {isa = PBXFileReference; lastKnownFileType = sourcecode.swift; path = CustomShapesBootcamp.swift; sourceTree = "<group>"; };
/* End PBXFileReference section */

/* Begin PBXFrameworksBuildPhase section */
		8D8158F129C3A287008B4D20 /* Frameworks */ = {
			isa = PBXFrameworksBuildPhase;
			buildActionMask = 2147483647;
			files = (
			);
			runOnlyForDeploymentPostprocessing = 0;
		};
		8DCD1DED29B0015F00962ED5 /* Frameworks */ = {
			isa = PBXFrameworksBuildPhase;
			buildActionMask = 2147483647;
			files = (
			);
			runOnlyForDeploymentPostprocessing = 0;
		};
/* End PBXFrameworksBuildPhase section */

/* Begin PBXGroup section */
		8D09CAF429C1184900FB989F /* CustomNavBar */ = {
			isa = PBXGroup;
			children = (
				8D09CAF529C1185F00FB989F /* AppNavBarView.swift */,
				8D09CAFC29C11DCD00FB989F /* CustomNavView.swift */,
				8D09CAFA29C11BB700FB989F /* CustomNavBarContainerView.swift */,
				8D09CAF729C119B600FB989F /* CustomNavBarView.swift */,
				8D09CAFE29C1203300FB989F /* CustomNavLink.swift */,
				8D09CB0029C1239E00FB989F /* CustomNavBarPreferenceKeys.swift */,
			);
			path = CustomNavBar;
			sourceTree = "<group>";
		};
		8D8158E929C39DFA008B4D20 /* UnitTestingBootcamp */ = {
			isa = PBXGroup;
			children = (
				8D8158EC29C39E21008B4D20 /* UnitTestingBootcampView.swift */,
				8D8158EE29C3A187008B4D20 /* UniteTestingBootcampViewModel.swift */,
				8D8158FF29C3D2B6008B4D20 /* NewMockDataService.swift */,
			);
			path = UnitTestingBootcamp;
			sourceTree = "<group>";
		};
		8D8158F529C3A288008B4D20 /* SwiftfulThinkingAdvanced_Tests */ = {
			isa = PBXGroup;
			children = (
				8D8158F629C3A288008B4D20 /* SwiftfulThinkingAdvanced_Tests.swift */,
				8D8158FD29C3A33E008B4D20 /* UniteTestingBootcampViewModel_Tests.swift */,
				8D81590129C3D2EA008B4D20 /* NewMockDataService_Tests.swift */,
			);
			path = SwiftfulThinkingAdvanced_Tests;
			sourceTree = "<group>";
		};
		8DC0805529B9FF1A00AC947C /* PreferenceKeyBootcamp */ = {
			isa = PBXGroup;
			children = (
				8DC0805329B9F8CD00AC947C /* PreferenceKeyBootcamp.swift */,
				8DC0805629B9FF3100AC947C /* GeometryPreferenceKeyBootcamp.swift */,
				8DC0805829BA016B00AC947C /* ScrollViewOffsetPreferenceKeyBootcamp.swift */,
			);
			path = PreferenceKeyBootcamp;
			sourceTree = "<group>";
		};
		8DC0807429BB61DF00AC947C /* CustomTabBar */ = {
			isa = PBXGroup;
			children = (
				8DC0807529BB61F500AC947C /* AppTabBarView.swift */,
				8DC0807729BB631A00AC947C /* CustomTabBarView.swift */,
				8DC0807929BB679A00AC947C /* CustomTabBarContainerView.swift */,
				8D137ABF29BCBAC300FCE53E /* TabBarItemsPreferenceKey.swift */,
				8D137AC129BCBD0800FCE53E /* TabBarItem.swift */,
			);
			path = CustomTabBar;
			sourceTree = "<group>";
		};
		8DCD1DE729B0015F00962ED5 = {
			isa = PBXGroup;
			children = (
				8DCD1DF229B0015F00962ED5 /* SwiftfulThinkingAdvanced */,
				8D8158F529C3A288008B4D20 /* SwiftfulThinkingAdvanced_Tests */,
				8DCD1DF129B0015F00962ED5 /* Products */,
			);
			sourceTree = "<group>";
		};
		8DCD1DF129B0015F00962ED5 /* Products */ = {
			isa = PBXGroup;
			children = (
				8DCD1DF029B0015F00962ED5 /* SwiftfulThinkingAdvanced.app */,
				8D8158F429C3A287008B4D20 /* SwiftfulThinkingAdvanced_Tests.xctest */,
			);
			name = Products;
			sourceTree = "<group>";
		};
		8DCD1DF229B0015F00962ED5 /* SwiftfulThinkingAdvanced */ = {
			isa = PBXGroup;
			children = (
				8DCD1DF329B0015F00962ED5 /* SwiftfulThinkingAdvancedApp.swift */,
				8DC0807B29BB6ECA00AC947C /* ViewModifierBootcamp.swift */,
				8DC0807D29BB703200AC947C /* ButtonStyleBootcamp.swift */,
				8DC0807F29BB712000AC947C /* AnyTransitionBootcamp.swift */,
				8DCD1DF529B0015F00962ED5 /* ContentView.swift */,
				8DCD1E0129B0018200962ED5 /* MatchedGeometryEffectBootcamp.swift */,
				8DCD1E0329B0099800962ED5 /* CustomShapesBootcamp.swift */,
				8DC0804B29B75DF000AC947C /* CustomCurvesBootcamp.swift */,
				8DC0804D29B7B93300AC947C /* AnimateableDataBootcamp.swift */,
				8DC0804F29B7CB4300AC947C /* GenericsBootcamp.swift */,
				8DC0805129B8A23D00AC947C /* ViewBuilderBootcamp.swift */,
				8DC0805529B9FF1A00AC947C /* PreferenceKeyBootcamp */,
				8DC0807429BB61DF00AC947C /* CustomTabBar */,
				8D09CAF429C1184900FB989F /* CustomNavBar */,
				8D09CB2F29C2555800FB989F /* UIViewRepesentableBootcamp.swift */,
				8D09CB3329C2677900FB989F /* UIViewCOntrollerRepresentableBootcamp.swift */,
				8DC78C2F29C2A0F200A64FC8 /* ProtocolBootcamp.swift */,
				8DC78C3129C3324400A64FC8 /* DependecyInjectionBootcamp.swift */,
				8D8158E929C39DFA008B4D20 /* UnitTestingBootcamp */,
				8DCD1DF729B0016100962ED5 /* Assets.xcassets */,
				8DCD1DF929B0016100962ED5 /* Preview Content */,
			);
			path = SwiftfulThinkingAdvanced;
			sourceTree = "<group>";
		};
		8DCD1DF929B0016100962ED5 /* Preview Content */ = {
			isa = PBXGroup;
			children = (
				8DCD1DFA29B0016100962ED5 /* Preview Assets.xcassets */,
			);
			path = "Preview Content";
			sourceTree = "<group>";
		};
/* End PBXGroup section */

/* Begin PBXNativeTarget section */
		8D8158F329C3A287008B4D20 /* SwiftfulThinkingAdvanced_Tests */ = {
			isa = PBXNativeTarget;
			buildConfigurationList = 8D8158FA29C3A288008B4D20 /* Build configuration list for PBXNativeTarget "SwiftfulThinkingAdvanced_Tests" */;
			buildPhases = (
				8D8158F029C3A287008B4D20 /* Sources */,
				8D8158F129C3A287008B4D20 /* Frameworks */,
				8D8158F229C3A287008B4D20 /* Resources */,
			);
			buildRules = (
			);
			dependencies = (
				8D8158F929C3A288008B4D20 /* PBXTargetDependency */,
			);
			name = SwiftfulThinkingAdvanced_Tests;
			productName = SwiftfulThinkingAdvanced_Tests;
			productReference = 8D8158F429C3A287008B4D20 /* SwiftfulThinkingAdvanced_Tests.xctest */;
			productType = "com.apple.product-type.bundle.unit-test";
		};
		8DCD1DEF29B0015F00962ED5 /* SwiftfulThinkingAdvanced */ = {
			isa = PBXNativeTarget;
			buildConfigurationList = 8DCD1DFE29B0016100962ED5 /* Build configuration list for PBXNativeTarget "SwiftfulThinkingAdvanced" */;
			buildPhases = (
				8DCD1DEC29B0015F00962ED5 /* Sources */,
				8DCD1DED29B0015F00962ED5 /* Frameworks */,
				8DCD1DEE29B0015F00962ED5 /* Resources */,
			);
			buildRules = (
			);
			dependencies = (
			);
			name = SwiftfulThinkingAdvanced;
			productName = SwiftfulThinkingAdvanced;
			productReference = 8DCD1DF029B0015F00962ED5 /* SwiftfulThinkingAdvanced.app */;
			productType = "com.apple.product-type.application";
		};
/* End PBXNativeTarget section */

/* Begin PBXProject section */
		8DCD1DE829B0015F00962ED5 /* Project object */ = {
			isa = PBXProject;
			attributes = {
				BuildIndependentTargetsInParallel = 1;
				LastSwiftUpdateCheck = 1420;
				LastUpgradeCheck = 1420;
				TargetAttributes = {
					8D8158F329C3A287008B4D20 = {
						CreatedOnToolsVersion = 14.2;
						TestTargetID = 8DCD1DEF29B0015F00962ED5;
					};
					8DCD1DEF29B0015F00962ED5 = {
						CreatedOnToolsVersion = 14.2;
					};
				};
			};
			buildConfigurationList = 8DCD1DEB29B0015F00962ED5 /* Build configuration list for PBXProject "SwiftfulThinkingAdvanced" */;
			compatibilityVersion = "Xcode 14.0";
			developmentRegion = en;
			hasScannedForEncodings = 0;
			knownRegions = (
				en,
				Base,
			);
			mainGroup = 8DCD1DE729B0015F00962ED5;
			productRefGroup = 8DCD1DF129B0015F00962ED5 /* Products */;
			projectDirPath = "";
			projectRoot = "";
			targets = (
				8DCD1DEF29B0015F00962ED5 /* SwiftfulThinkingAdvanced */,
				8D8158F329C3A287008B4D20 /* SwiftfulThinkingAdvanced_Tests */,
			);
		};
/* End PBXProject section */

/* Begin PBXResourcesBuildPhase section */
		8D8158F229C3A287008B4D20 /* Resources */ = {
			isa = PBXResourcesBuildPhase;
			buildActionMask = 2147483647;
			files = (
			);
			runOnlyForDeploymentPostprocessing = 0;
		};
		8DCD1DEE29B0015F00962ED5 /* Resources */ = {
			isa = PBXResourcesBuildPhase;
			buildActionMask = 2147483647;
			files = (
				8DCD1DFB29B0016100962ED5 /* Preview Assets.xcassets in Resources */,
				8DCD1DF829B0016100962ED5 /* Assets.xcassets in Resources */,
			);
			runOnlyForDeploymentPostprocessing = 0;
		};
/* End PBXResourcesBuildPhase section */

/* Begin PBXSourcesBuildPhase section */
		8D8158F029C3A287008B4D20 /* Sources */ = {
			isa = PBXSourcesBuildPhase;
			buildActionMask = 2147483647;
			files = (
				8D8158FE29C3A33E008B4D20 /* UniteTestingBootcampViewModel_Tests.swift in Sources */,
				8D8158F729C3A288008B4D20 /* SwiftfulThinkingAdvanced_Tests.swift in Sources */,
				8D81590229C3D2EA008B4D20 /* NewMockDataService_Tests.swift in Sources */,
			);
			runOnlyForDeploymentPostprocessing = 0;
		};
		8DCD1DEC29B0015F00962ED5 /* Sources */ = {
			isa = PBXSourcesBuildPhase;
			buildActionMask = 2147483647;
			files = (
				8DC0807C29BB6ECA00AC947C /* ViewModifierBootcamp.swift in Sources */,
				8DCD1E0229B0018200962ED5 /* MatchedGeometryEffectBootcamp.swift in Sources */,
				8DCD1E0429B0099800962ED5 /* CustomShapesBootcamp.swift in Sources */,
				8DC0807829BB631A00AC947C /* CustomTabBarView.swift in Sources */,
				8DC78C3029C2A0F200A64FC8 /* ProtocolBootcamp.swift in Sources */,
				8D8158EF29C3A187008B4D20 /* UniteTestingBootcampViewModel.swift in Sources */,
				8D09CB3029C2555800FB989F /* UIViewRepesentableBootcamp.swift in Sources */,
				8D09CAFF29C1203300FB989F /* CustomNavLink.swift in Sources */,
				8DC0807629BB61F500AC947C /* AppTabBarView.swift in Sources */,
				8D8158ED29C39E21008B4D20 /* UnitTestingBootcampView.swift in Sources */,
				8DC0804C29B75DF000AC947C /* CustomCurvesBootcamp.swift in Sources */,
				8D09CB3429C2677900FB989F /* UIViewCOntrollerRepresentableBootcamp.swift in Sources */,
				8D09CAFD29C11DCD00FB989F /* CustomNavView.swift in Sources */,
				8DC0807E29BB703200AC947C /* ButtonStyleBootcamp.swift in Sources */,
				8DC0808029BB712000AC947C /* AnyTransitionBootcamp.swift in Sources */,
				8DC0805229B8A23D00AC947C /* ViewBuilderBootcamp.swift in Sources */,
				8DCD1DF629B0015F00962ED5 /* ContentView.swift in Sources */,
				8DC0805429B9F8CD00AC947C /* PreferenceKeyBootcamp.swift in Sources */,
				8D81590029C3D2B6008B4D20 /* NewMockDataService.swift in Sources */,
				8DC0804E29B7B93300AC947C /* AnimateableDataBootcamp.swift in Sources */,
				8DC0805729B9FF3100AC947C /* GeometryPreferenceKeyBootcamp.swift in Sources */,
				8D137AC229BCBD0800FCE53E /* TabBarItem.swift in Sources */,
				8DC78C3229C3324400A64FC8 /* DependecyInjectionBootcamp.swift in Sources */,
				8DCD1DF429B0015F00962ED5 /* SwiftfulThinkingAdvancedApp.swift in Sources */,
				8DC0805929BA016B00AC947C /* ScrollViewOffsetPreferenceKeyBootcamp.swift in Sources */,
				8D09CAF629C1185F00FB989F /* AppNavBarView.swift in Sources */,
				8D137AC029BCBAC300FCE53E /* TabBarItemsPreferenceKey.swift in Sources */,
				8D09CAF829C119B600FB989F /* CustomNavBarView.swift in Sources */,
				8D09CB0129C1239E00FB989F /* CustomNavBarPreferenceKeys.swift in Sources */,
				8D09CAFB29C11BB700FB989F /* CustomNavBarContainerView.swift in Sources */,
				8DC0805029B7CB4300AC947C /* GenericsBootcamp.swift in Sources */,
				8DC0807A29BB679A00AC947C /* CustomTabBarContainerView.swift in Sources */,
			);
			runOnlyForDeploymentPostprocessing = 0;
		};
/* End PBXSourcesBuildPhase section */

/* Begin PBXTargetDependency section */
		8D8158F929C3A288008B4D20 /* PBXTargetDependency */ = {
			isa = PBXTargetDependency;
			target = 8DCD1DEF29B0015F00962ED5 /* SwiftfulThinkingAdvanced */;
			targetProxy = 8D8158F829C3A288008B4D20 /* PBXContainerItemProxy */;
		};
/* End PBXTargetDependency section */

/* Begin XCBuildConfiguration section */
		8D8158FB29C3A288008B4D20 /* Debug */ = {
			isa = XCBuildConfiguration;
			buildSettings = {
				BUNDLE_LOADER = "$(TEST_HOST)";
				CODE_SIGN_STYLE = Automatic;
				CURRENT_PROJECT_VERSION = 1;
				GENERATE_INFOPLIST_FILE = YES;
				MARKETING_VERSION = 1.0;
				PRODUCT_BUNDLE_IDENTIFIER = "fre.SwiftfulThinkingAdvanced-Tests";
				PRODUCT_NAME = "$(TARGET_NAME)";
				SWIFT_EMIT_LOC_STRINGS = NO;
				SWIFT_VERSION = 5.0;
				TARGETED_DEVICE_FAMILY = "1,2";
				TEST_HOST = "$(BUILT_PRODUCTS_DIR)/SwiftfulThinkingAdvanced.app/$(BUNDLE_EXECUTABLE_FOLDER_PATH)/SwiftfulThinkingAdvanced";
			};
			name = Debug;
		};
		8D8158FC29C3A288008B4D20 /* Release */ = {
			isa = XCBuildConfiguration;
			buildSettings = {
				BUNDLE_LOADER = "$(TEST_HOST)";
				CODE_SIGN_STYLE = Automatic;
				CURRENT_PROJECT_VERSION = 1;
				GENERATE_INFOPLIST_FILE = YES;
				MARKETING_VERSION = 1.0;
				PRODUCT_BUNDLE_IDENTIFIER = "fre.SwiftfulThinkingAdvanced-Tests";
				PRODUCT_NAME = "$(TARGET_NAME)";
				SWIFT_EMIT_LOC_STRINGS = NO;
				SWIFT_VERSION = 5.0;
				TARGETED_DEVICE_FAMILY = "1,2";
				TEST_HOST = "$(BUILT_PRODUCTS_DIR)/SwiftfulThinkingAdvanced.app/$(BUNDLE_EXECUTABLE_FOLDER_PATH)/SwiftfulThinkingAdvanced";
			};
			name = Release;
		};
		8DCD1DFC29B0016100962ED5 /* Debug */ = {
			isa = XCBuildConfiguration;
			buildSettings = {
				ALWAYS_SEARCH_USER_PATHS = NO;
				CLANG_ANALYZER_NONNULL = YES;
				CLANG_ANALYZER_NUMBER_OBJECT_CONVERSION = YES_AGGRESSIVE;
				CLANG_CXX_LANGUAGE_STANDARD = "gnu++20";
				CLANG_ENABLE_MODULES = YES;
				CLANG_ENABLE_OBJC_ARC = YES;
				CLANG_ENABLE_OBJC_WEAK = YES;
				CLANG_WARN_BLOCK_CAPTURE_AUTORELEASING = YES;
				CLANG_WARN_BOOL_CONVERSION = YES;
				CLANG_WARN_COMMA = YES;
				CLANG_WARN_CONSTANT_CONVERSION = YES;
				CLANG_WARN_DEPRECATED_OBJC_IMPLEMENTATIONS = YES;
				CLANG_WARN_DIRECT_OBJC_ISA_USAGE = YES_ERROR;
				CLANG_WARN_DOCUMENTATION_COMMENTS = YES;
				CLANG_WARN_EMPTY_BODY = YES;
				CLANG_WARN_ENUM_CONVERSION = YES;
				CLANG_WARN_INFINITE_RECURSION = YES;
				CLANG_WARN_INT_CONVERSION = YES;
				CLANG_WARN_NON_LITERAL_NULL_CONVERSION = YES;
				CLANG_WARN_OBJC_IMPLICIT_RETAIN_SELF = YES;
				CLANG_WARN_OBJC_LITERAL_CONVERSION = YES;
				CLANG_WARN_OBJC_ROOT_CLASS = YES_ERROR;
				CLANG_WARN_QUOTED_INCLUDE_IN_FRAMEWORK_HEADER = YES;
				CLANG_WARN_RANGE_LOOP_ANALYSIS = YES;
				CLANG_WARN_STRICT_PROTOTYPES = YES;
				CLANG_WARN_SUSPICIOUS_MOVE = YES;
				CLANG_WARN_UNGUARDED_AVAILABILITY = YES_AGGRESSIVE;
				CLANG_WARN_UNREACHABLE_CODE = YES;
				CLANG_WARN__DUPLICATE_METHOD_MATCH = YES;
				COPY_PHASE_STRIP = NO;
				DEBUG_INFORMATION_FORMAT = dwarf;
				ENABLE_STRICT_OBJC_MSGSEND = YES;
				ENABLE_TESTABILITY = YES;
				GCC_C_LANGUAGE_STANDARD = gnu11;
				GCC_DYNAMIC_NO_PIC = NO;
				GCC_NO_COMMON_BLOCKS = YES;
				GCC_OPTIMIZATION_LEVEL = 0;
				GCC_PREPROCESSOR_DEFINITIONS = (
					"DEBUG=1",
					"$(inherited)",
				);
				GCC_WARN_64_TO_32_BIT_CONVERSION = YES;
				GCC_WARN_ABOUT_RETURN_TYPE = YES_ERROR;
				GCC_WARN_UNDECLARED_SELECTOR = YES;
				GCC_WARN_UNINITIALIZED_AUTOS = YES_AGGRESSIVE;
				GCC_WARN_UNUSED_FUNCTION = YES;
				GCC_WARN_UNUSED_VARIABLE = YES;
				IPHONEOS_DEPLOYMENT_TARGET = 16.2;
				MTL_ENABLE_DEBUG_INFO = INCLUDE_SOURCE;
				MTL_FAST_MATH = YES;
				ONLY_ACTIVE_ARCH = YES;
				SDKROOT = iphoneos;
				SWIFT_ACTIVE_COMPILATION_CONDITIONS = DEBUG;
				SWIFT_OPTIMIZATION_LEVEL = "-Onone";
			};
			name = Debug;
		};
		8DCD1DFD29B0016100962ED5 /* Release */ = {
			isa = XCBuildConfiguration;
			buildSettings = {
				ALWAYS_SEARCH_USER_PATHS = NO;
				CLANG_ANALYZER_NONNULL = YES;
				CLANG_ANALYZER_NUMBER_OBJECT_CONVERSION = YES_AGGRESSIVE;
				CLANG_CXX_LANGUAGE_STANDARD = "gnu++20";
				CLANG_ENABLE_MODULES = YES;
				CLANG_ENABLE_OBJC_ARC = YES;
				CLANG_ENABLE_OBJC_WEAK = YES;
				CLANG_WARN_BLOCK_CAPTURE_AUTORELEASING = YES;
				CLANG_WARN_BOOL_CONVERSION = YES;
				CLANG_WARN_COMMA = YES;
				CLANG_WARN_CONSTANT_CONVERSION = YES;
				CLANG_WARN_DEPRECATED_OBJC_IMPLEMENTATIONS = YES;
				CLANG_WARN_DIRECT_OBJC_ISA_USAGE = YES_ERROR;
				CLANG_WARN_DOCUMENTATION_COMMENTS = YES;
				CLANG_WARN_EMPTY_BODY = YES;
				CLANG_WARN_ENUM_CONVERSION = YES;
				CLANG_WARN_INFINITE_RECURSION = YES;
				CLANG_WARN_INT_CONVERSION = YES;
				CLANG_WARN_NON_LITERAL_NULL_CONVERSION = YES;
				CLANG_WARN_OBJC_IMPLICIT_RETAIN_SELF = YES;
				CLANG_WARN_OBJC_LITERAL_CONVERSION = YES;
				CLANG_WARN_OBJC_ROOT_CLASS = YES_ERROR;
				CLANG_WARN_QUOTED_INCLUDE_IN_FRAMEWORK_HEADER = YES;
				CLANG_WARN_RANGE_LOOP_ANALYSIS = YES;
				CLANG_WARN_STRICT_PROTOTYPES = YES;
				CLANG_WARN_SUSPICIOUS_MOVE = YES;
				CLANG_WARN_UNGUARDED_AVAILABILITY = YES_AGGRESSIVE;
				CLANG_WARN_UNREACHABLE_CODE = YES;
				CLANG_WARN__DUPLICATE_METHOD_MATCH = YES;
				COPY_PHASE_STRIP = NO;
				DEBUG_INFORMATION_FORMAT = "dwarf-with-dsym";
				ENABLE_NS_ASSERTIONS = NO;
				ENABLE_STRICT_OBJC_MSGSEND = YES;
				GCC_C_LANGUAGE_STANDARD = gnu11;
				GCC_NO_COMMON_BLOCKS = YES;
				GCC_WARN_64_TO_32_BIT_CONVERSION = YES;
				GCC_WARN_ABOUT_RETURN_TYPE = YES_ERROR;
				GCC_WARN_UNDECLARED_SELECTOR = YES;
				GCC_WARN_UNINITIALIZED_AUTOS = YES_AGGRESSIVE;
				GCC_WARN_UNUSED_FUNCTION = YES;
				GCC_WARN_UNUSED_VARIABLE = YES;
				IPHONEOS_DEPLOYMENT_TARGET = 16.2;
				MTL_ENABLE_DEBUG_INFO = NO;
				MTL_FAST_MATH = YES;
				SDKROOT = iphoneos;
				SWIFT_COMPILATION_MODE = wholemodule;
				SWIFT_OPTIMIZATION_LEVEL = "-O";
				VALIDATE_PRODUCT = YES;
			};
			name = Release;
		};
		8DCD1DFF29B0016100962ED5 /* Debug */ = {
			isa = XCBuildConfiguration;
			buildSettings = {
				ASSETCATALOG_COMPILER_APPICON_NAME = AppIcon;
				ASSETCATALOG_COMPILER_GLOBAL_ACCENT_COLOR_NAME = AccentColor;
				CODE_SIGN_STYLE = Automatic;
				CURRENT_PROJECT_VERSION = 1;
				DEVELOPMENT_ASSET_PATHS = "\"SwiftfulThinkingAdvanced/Preview Content\"";
				ENABLE_PREVIEWS = YES;
				GENERATE_INFOPLIST_FILE = YES;
				INFOPLIST_KEY_UIApplicationSceneManifest_Generation = YES;
				INFOPLIST_KEY_UIApplicationSupportsIndirectInputEvents = YES;
				INFOPLIST_KEY_UILaunchScreen_Generation = YES;
				INFOPLIST_KEY_UISupportedInterfaceOrientations_iPad = "UIInterfaceOrientationPortrait UIInterfaceOrientationPortraitUpsideDown UIInterfaceOrientationLandscapeLeft UIInterfaceOrientationLandscapeRight";
				INFOPLIST_KEY_UISupportedInterfaceOrientations_iPhone = "UIInterfaceOrientationPortrait UIInterfaceOrientationLandscapeLeft UIInterfaceOrientationLandscapeRight";
				LD_RUNPATH_SEARCH_PATHS = (
					"$(inherited)",
					"@executable_path/Frameworks",
				);
				MARKETING_VERSION = 1.0;
				PRODUCT_BUNDLE_IDENTIFIER = fre.SwiftfulThinkingAdvanced;
				PRODUCT_NAME = "$(TARGET_NAME)";
				SWIFT_EMIT_LOC_STRINGS = YES;
				SWIFT_VERSION = 5.0;
				TARGETED_DEVICE_FAMILY = "1,2";
			};
			name = Debug;
		};
		8DCD1E0029B0016100962ED5 /* Release */ = {
			isa = XCBuildConfiguration;
			buildSettings = {
				ASSETCATALOG_COMPILER_APPICON_NAME = AppIcon;
				ASSETCATALOG_COMPILER_GLOBAL_ACCENT_COLOR_NAME = AccentColor;
				CODE_SIGN_STYLE = Automatic;
				CURRENT_PROJECT_VERSION = 1;
				DEVELOPMENT_ASSET_PATHS = "\"SwiftfulThinkingAdvanced/Preview Content\"";
				ENABLE_PREVIEWS = YES;
				GENERATE_INFOPLIST_FILE = YES;
				INFOPLIST_KEY_UIApplicationSceneManifest_Generation = YES;
				INFOPLIST_KEY_UIApplicationSupportsIndirectInputEvents = YES;
				INFOPLIST_KEY_UILaunchScreen_Generation = YES;
				INFOPLIST_KEY_UISupportedInterfaceOrientations_iPad = "UIInterfaceOrientationPortrait UIInterfaceOrientationPortraitUpsideDown UIInterfaceOrientationLandscapeLeft UIInterfaceOrientationLandscapeRight";
				INFOPLIST_KEY_UISupportedInterfaceOrientations_iPhone = "UIInterfaceOrientationPortrait UIInterfaceOrientationLandscapeLeft UIInterfaceOrientationLandscapeRight";
				LD_RUNPATH_SEARCH_PATHS = (
					"$(inherited)",
					"@executable_path/Frameworks",
				);
				MARKETING_VERSION = 1.0;
				PRODUCT_BUNDLE_IDENTIFIER = fre.SwiftfulThinkingAdvanced;
				PRODUCT_NAME = "$(TARGET_NAME)";
				SWIFT_EMIT_LOC_STRINGS = YES;
				SWIFT_VERSION = 5.0;
				TARGETED_DEVICE_FAMILY = "1,2";
			};
			name = Release;
		};
/* End XCBuildConfiguration section */

/* Begin XCConfigurationList section */
		8D8158FA29C3A288008B4D20 /* Build configuration list for PBXNativeTarget "SwiftfulThinkingAdvanced_Tests" */ = {
			isa = XCConfigurationList;
			buildConfigurations = (
				8D8158FB29C3A288008B4D20 /* Debug */,
				8D8158FC29C3A288008B4D20 /* Release */,
			);
			defaultConfigurationIsVisible = 0;
			defaultConfigurationName = Release;
		};
		8DCD1DEB29B0015F00962ED5 /* Build configuration list for PBXProject "SwiftfulThinkingAdvanced" */ = {
			isa = XCConfigurationList;
			buildConfigurations = (
				8DCD1DFC29B0016100962ED5 /* Debug */,
				8DCD1DFD29B0016100962ED5 /* Release */,
			);
			defaultConfigurationIsVisible = 0;
			defaultConfigurationName = Release;
		};
		8DCD1DFE29B0016100962ED5 /* Build configuration list for PBXNativeTarget "SwiftfulThinkingAdvanced" */ = {
			isa = XCConfigurationList;
			buildConfigurations = (
				8DCD1DFF29B0016100962ED5 /* Debug */,
				8DCD1E0029B0016100962ED5 /* Release */,
			);
			defaultConfigurationIsVisible = 0;
			defaultConfigurationName = Release;
		};
/* End XCConfigurationList section */
	};
	rootObject = 8DCD1DE829B0015F00962ED5 /* Project object */;
}
